
Microsoft Visual Studio Solution File, Format Version 12.00
# Visual Studio 2013
VisualStudioVersion = 12.0.30723.0
MinimumVisualStudioVersion = 10.0.40219.1
Project("{FAE04EC0-301F-11D3-BF4B-00C04F79EFBC}") = "ZdtbSite.Core", "ZdtbSite.Core\ZdtbSite.Core.csproj", "{79D388B6-1240-40C4-A7D3-98428DEF01A8}"
EndProject
Project("{FAE04EC0-301F-11D3-BF4B-00C04F79EFBC}") = "ZdtbSite.Web", "ZdtbSite.Web\ZdtbSite.Web.csproj", "{48793C75-4444-4D26-A56B-69B036138ED6}"
EndProject
Project("{FAE04EC0-301F-11D3-BF4B-00C04F79EFBC}") = "ZdtbSite.Model", "ZdtbSite.Model\ZdtbSite.Model.csproj", "{39D8D43F-485F-4F9E-B1D8-E087E873DCFB}"
EndProject
Global
	GlobalSection(SolutionConfigurationPlatforms) = preSolution
		Debug|Any CPU = Debug|Any CPU
		Release|Any CPU = Release|Any CPU
	EndGlobalSection
	GlobalSection(ProjectConfigurationPlatforms) = postSolution
		{79D388B6-1240-40C4-A7D3-98428DEF01A8}.Debug|Any CPU.ActiveCfg = Debug|Any CPU
		{79D388B6-1240-40C4-A7D3-98428DEF01A8}.Debug|Any CPU.Build.0 = Debug|Any CPU
		{79D388B6-1240-40C4-A7D3-98428DEF01A8}.Release|Any CPU.ActiveCfg = Release|Any CPU
		{79D388B6-1240-40C4-A7D3-98428DEF01A8}.Release|Any CPU.Build.0 = Release|Any CPU
		{48793C75-4444-4D26-A56B-69B036138ED6}.Debug|Any CPU.ActiveCfg = Debug|Any CPU
		{48793C75-4444-4D26-A56B-69B036138ED6}.Debug|Any CPU.Build.0 = Debug|Any CPU
		{48793C75-4444-4D26-A56B-69B036138ED6}.Release|Any CPU.ActiveCfg = Release|Any CPU
		{48793C75-4444-4D26-A56B-69B036138ED6}.Release|Any CPU.Build.0 = Release|Any CPU
		{39D8D43F-485F-4F9E-B1D8-E087E873DCFB}.Debug|Any CPU.ActiveCfg = Debug|Any CPU
		{39D8D43F-485F-4F9E-B1D8-E087E873DCFB}.Debug|Any CPU.Build.0 = Debug|Any CPU
		{39D8D43F-485F-4F9E-B1D8-E087E873DCFB}.Release|Any CPU.ActiveCfg = Release|Any CPU
		{39D8D43F-485F-4F9E-B1D8-E087E873DCFB}.Release|Any CPU.Build.0 = Release|Any CPU
	EndGlobalSection
	GlobalSection(SolutionProperties) = preSolution
		HideSolutionNode = FALSE
	EndGlobalSection
EndGlobal
